// !$*UTF8*$!
{
	archiveVersion = 1;
	classes = {
	};
	objectVersion = 46;
	objects = {

/* Begin PBXBuildFile section */
		8DC291E41EA1A8060093CE20 /* AppDelegate.swift in Sources */ = {isa = PBXBuildFile; fileRef = 8DC291E31EA1A8060093CE20 /* AppDelegate.swift */; };
		8DC291E61EA1A8060093CE20 /* ViewController.swift in Sources */ = {isa = PBXBuildFile; fileRef = 8DC291E51EA1A8060093CE20 /* ViewController.swift */; };
		8DC291E91EA1A8060093CE20 /* Main.storyboard in Resources */ = {isa = PBXBuildFile; fileRef = 8DC291E71EA1A8060093CE20 /* Main.storyboard */; };
		8DC291EB1EA1A8060093CE20 /* Assets.xcassets in Resources */ = {isa = PBXBuildFile; fileRef = 8DC291EA1EA1A8060093CE20 /* Assets.xcassets */; };
		8DC291EE1EA1A8060093CE20 /* LaunchScreen.storyboard in Resources */ = {isa = PBXBuildFile; fileRef = 8DC291EC1EA1A8060093CE20 /* LaunchScreen.storyboard */; };
/* End PBXBuildFile section */

/* Begin PBXFileReference section */
		8DC291E01EA1A8060093CE20 /* HelloNavigationController.app */ = {isa = PBXFileReference; explicitFileType = wrapper.application; includeInIndex = 0; path = HelloNavigationController.app; sourceTree = BUILT_PRODUCTS_DIR; };
		8DC291E31EA1A8060093CE20 /* AppDelegate.swift */ = {isa = PBXFileReference; lastKnownFileType = sourcecode.swift; path = AppDelegate.swift; sourceTree = "<group>"; };
		8DC291E51EA1A8060093CE20 /* ViewController.swift */ = {isa = PBXFileReference; lastKnownFileType = sourcecode.swift; path = ViewController.swift; sourceTree = "<group>"; };
		8DC291E81EA1A8060093CE20 /* Base */ = {isa = PBXFileReference; lastKnownFileType = file.storyboard; name = Base; path = Base.lproj/Main.storyboard; sourceTree = "<group>"; };
		8DC291EA1EA1A8060093CE20 /* Assets.xcassets */ = {isa = PBXFileReference; lastKnownFileType = folder.assetcatalog; path = Assets.xcassets; sourceTree = "<group>"; };
		8DC291ED1EA1A8060093CE20 /* Base */ = {isa = PBXFileReference; lastKnownFileType = file.storyboard; name = Base; path = Base.lproj/LaunchScreen.storyboard; sourceTree = "<group>"; };
		8DC291EF1EA1A8060093CE20 /* Info.plist */ = {isa = PBXFileReference; lastKnownFileType = text.plist.xml; path = Info.plist; sourceTree = "<group>"; };
/* End PBXFileReference section */

/* Begin PBXFrameworksBuildPhase section */
		8DC291DD1EA1A8060093CE20 /* Frameworks */ = {
			isa = PBXFrameworksBuildPhase;
			buildActionMask = 2147483647;
			files = (
			);
			runOnlyForDeploymentPostprocessing = 0;
		};
/* End PBXFrameworksBuildPhase section */

/* Begin PBXGroup section */
		8DC291D71EA1A8060093CE20 = {
			isa = PBXGroup;
			children = (
				8DC291E21EA1A8060093CE20 /* HelloNavigationController */,
				8DC291E11EA1A8060093CE20 /* Products */,
			);
			sourceTree = "<group>";
		};
		8DC291E11EA1A8060093CE20 /* Products */ = {
			isa = PBXGroup;
			children = (
				8DC291E01EA1A8060093CE20 /* HelloNavigationController.app */,
			);
			name = Products;
			sourceTree = "<group>";
		};
		8DC291E21EA1A8060093CE20 /* HelloNavigationController */ = {
			isa = PBXGroup;
			children = (
				8DC291E31EA1A8060093CE20 /* AppDelegate.swift */,
				8DC291E51EA1A8060093CE20 /* ViewController.swift */,
				8DC291E71EA1A8060093CE20 /* Main.storyboard */,
				8DC291EA1EA1A8060093CE20 /* Assets.xcassets */,
				8DC291EC1EA1A8060093CE20 /* LaunchScreen.storyboard */,
				8DC291EF1EA1A8060093CE20 /* Info.plist */,
			);
			path = HelloNavigationController;
			sourceTree = "<group>";
		};
/* End PBXGroup section */

/* Begin PBXNativeTarget section */
		8DC291DF1EA1A8060093CE20 /* HelloNavigationController */ = {
			isa = PBXNativeTarget;
			buildConfigurationList = 8DC291F21EA1A8060093CE20 /* Build configuration list for PBXNativeTarget "HelloNavigationController" */;
			buildPhases = (
				8DC291DC1EA1A8060093CE20 /* Sources */,
				8DC291DD1EA1A8060093CE20 /* Frameworks */,
				8DC291DE1EA1A8060093CE20 /* Resources */,
			);
			buildRules = (
			);
			dependencies = (
			);
			name = HelloNavigationController;
			productName = HelloNavigationController;
			productReference = 8DC291E01EA1A8060093CE20 /* HelloNavigationController.app */;
			productType = "com.apple.product-type.application";
		};
/* End PBXNativeTarget section */

/* Begin PBXProject section */
		8DC291D81EA1A8060093CE20 /* Project object */ = {
			isa = PBXProject;
			attributes = {
				LastSwiftUpdateCheck = 0830;
				LastUpgradeCheck = 0830;
				ORGANIZATIONNAME = iossimple;
				TargetAttributes = {
					8DC291DF1EA1A8060093CE20 = {
						CreatedOnToolsVersion = 8.3.1;
						ProvisioningStyle = Automatic;
					};
				};
			};
			buildConfigurationList = 8DC291DB1EA1A8060093CE20 /* Build configuration list for PBXProject "HelloNavigationController" */;
			compatibilityVersion = "Xcode 3.2";
			developmentRegion = English;
			hasScannedForEncodings = 0;
			knownRegions = (
				en,
				Base,
			);
			mainGroup = 8DC291D71EA1A8060093CE20;
			productRefGroup = 8DC291E11EA1A8060093CE20 /* Products */;
			projectDirPath = "";
			projectRoot = "";
			targets = (
				8DC291DF1EA1A8060093CE20 /* HelloNavigationController */,
			);
		};
/* End PBXProject section */

/* Begin PBXResourcesBuildPhase section */
		8DC291DE1EA1A8060093CE20 /* Resources */ = {
			isa = PBXResourcesBuildPhase;
			buildActionMask = 2147483647;
			files = (
				8DC291EE1EA1A8060093CE20 /* LaunchScreen.storyboard in Resources */,
				8DC291EB1EA1A8060093CE20 /* Assets.xcassets in Resources */,
				8DC291E91EA1A8060093CE20 /* Main.storyboard in Resources */,
			);
			runOnlyForDeploymentPostprocessing = 0;
		};
/* End PBXResourcesBuildPhase section */

/* Begin PBXSourcesBuildPhase section */
		8DC291DC1EA1A8060093CE20 /* Sources */ = {
			isa = PBXSourcesBuildPhase;
			buildActionMask = 2147483647;
			files = (
				8DC291E61EA1A8060093CE20 /* ViewController.swift in Sources */,
				8DC291E41EA1A8060093CE20 /* AppDelegate.swift in Sources */,
			);
			runOnlyForDeploymentPostprocessing = 0;
		};
/* End PBXSourcesBuildPhase section */

/* Begin PBXVariantGroup section */
		8DC291E71EA1A8060093CE20 /* Main.storyboard */ = {
			isa = PBXVariantGroup;
			children = (
				8DC291E81EA1A8060093CE20 /* Base */,
			);
			name = Main.storyboard;
			sourceTree = "<group>";
		};
		8DC291EC1EA1A8060093CE20 /* LaunchScreen.storyboard */ = {
			isa = PBXVariantGroup;
			children = (
				8DC291ED1EA1A8060093CE20 /* Base */,
			);
			name = LaunchScreen.storyboard;
			sourceTree = "<group>";
		};
/* End PBXVariantGroup section */

/* Begin XCBuildConfiguration section */
		8DC291F01EA1A8060093CE20 /* Debug */ = {
			isa = XCBuildConfiguration;
			buildSettings = {
				ALWAYS_SEARCH_USER_PATHS = NO;
				CLANG_ANALYZER_NONNULL = YES;
				CLANG_ANALYZER_NUMBER_OBJECT_CONVERSION = YES_AGGRESSIVE;
				CLANG_CXX_LANGUAGE_STANDARD = "gnu++0x";
				CLANG_CXX_LIBRARY = "libc++";
				CLANG_ENABLE_MODULES = YES;
				CLANG_ENABLE_OBJC_ARC = YES;
				CLANG_WARN_BOOL_CONVERSION = YES;
				CLANG_WARN_CONSTANT_CONVERSION = YES;
				CLANG_WARN_DIRECT_OBJC_ISA_USAGE = YES_ERROR;
				CLANG_WARN_DOCUMENTATION_COMMENTS = YES;
				CLANG_WARN_EMPTY_BODY = YES;
				CLANG_WARN_ENUM_CONVERSION = YES;
				CLANG_WARN_INFINITE_RECURSION = YES;
				CLANG_WARN_INT_CONVERSION = YES;
				CLANG_WARN_OBJC_ROOT_CLASS = YES_ERROR;
				CLANG_WARN_SUSPICIOUS_MOVE = YES;
				CLANG_WARN_UNREACHABLE_CODE = YES;
				CLANG_WARN__DUPLICATE_METHOD_MATCH = YES;
				"CODE_SIGN_IDENTITY[sdk=iphoneos*]" = "iPhone Developer";
				COPY_PHASE_STRIP = NO;
				DEBUG_INFORMATION_FORMAT = dwarf;
				ENABLE_STRICT_OBJC_MSGSEND = YES;
				ENABLE_TESTABILITY = YES;
				GCC_C_LANGUAGE_STANDARD = gnu99;
				GCC_DYNAMIC_NO_PIC = NO;
				GCC_NO_COMMON_BLOCKS = YES;
				GCC_OPTIMIZATION_LEVEL = 0;
				GCC_PREPROCESSOR_DEFINITIONS = (
					"DEBUG=1",
					"$(inherited)",
				);
				GCC_WARN_64_TO_32_BIT_CONVERSION = YES;
				GCC_WARN_ABOUT_RETURN_TYPE = YES_ERROR;
				GCC_WARN_UNDECLARED_SELECTOR = YES;
				GCC_WARN_UNINITIALIZED_AUTOS = YES_AGGRESSIVE;
				GCC_WARN_UNUSED_FUNCTION = YES;
				GCC_WARN_UNUSED_VARIABLE = YES;
				IPHONEOS_DEPLOYMENT_TARGET = 10.3;
				MTL_ENABLE_DEBUG_INFO = YES;
				ONLY_ACTIVE_ARCH = YES;
				SDKROOT = iphoneos;
				SWIFT_ACTIVE_COMPILATION_CONDITIONS = DEBUG;
				SWIFT_OPTIMIZATION_LEVEL = "-Onone";
			};
			name = Debug;
		};
		8DC291F11EA1A8060093CE20 /* Release */ = {
			isa = XCBuildConfiguration;
			buildSettings = {
				ALWAYS_SEARCH_USER_PATHS = NO;
				CLANG_ANALYZER_NONNULL = YES;
				CLANG_ANALYZER_NUMBER_OBJECT_CONVERSION = YES_AGGRESSIVE;
				CLANG_CXX_LANGUAGE_STANDARD = "gnu++0x";
				CLANG_CXX_LIBRARY = "libc++";
				CLANG_ENABLE_MODULES = YES;
				CLANG_ENABLE_OBJC_ARC = YES;
				CLANG_WARN_BOOL_CONVERSION = YES;
				CLANG_WARN_CONSTANT_CONVERSION = YES;
				CLANG_WARN_DIRECT_OBJC_ISA_USAGE = YES_ERROR;
				CLANG_WARN_DOCUMENTATION_COMMENTS = YES;
				CLANG_WARN_EMPTY_BODY = YES;
				CLANG_WARN_ENUM_CONVERSION = YES;
				CLANG_WARN_INFINITE_RECURSION = YES;
				CLANG_WARN_INT_CONVERSION = YES;
				CLANG_WARN_OBJC_ROOT_CLASS = YES_ERROR;
				CLANG_WARN_SUSPICIOUS_MOVE = YES;
				CLANG_WARN_UNREACHABLE_CODE = YES;
				CLANG_WARN__DUPLICATE_METHOD_MATCH = YES;
				"CODE_SIGN_IDENTITY[sdk=iphoneos*]" = "iPhone Developer";
				COPY_PHASE_STRIP = NO;
				DEBUG_INFORMATION_FORMAT = "dwarf-with-dsym";
				ENABLE_NS_ASSERTIONS = NO;
				ENABLE_STRICT_OBJC_MSGSEND = YES;
				GCC_C_LANGUAGE_STANDARD = gnu99;
				GCC_NO_COMMON_BLOCKS = YES;
				GCC_WARN_64_TO_32_BIT_CONVERSION = YES;
				GCC_WARN_ABOUT_RETURN_TYPE = YES_ERROR;
				GCC_WARN_UNDECLARED_SELECTOR = YES;
				GCC_WARN_UNINITIALIZED_AUTOS = YES_AGGRESSIVE;
				GCC_WARN_UNUSED_FUNCTION = YES;
				GCC_WARN_UNUSED_VARIABLE = YES;
				IPHONEOS_DEPLOYMENT_TARGET = 10.3;
				MTL_ENABLE_DEBUG_INFO = NO;
				SDKROOT = iphoneos;
				SWIFT_OPTIMIZATION_LEVEL = "-Owholemodule";
				VALIDATE_PRODUCT = YES;
			};
			name = Release;
		};
		8DC291F31EA1A8060093CE20 /* Debug */ = {
			isa = XCBuildConfiguration;
			buildSettings = {
				ASSETCATALOG_COMPILER_APPICON_NAME = AppIcon;
				INFOPLIST_FILE = HelloNavigationController/Info.plist;
				LD_RUNPATH_SEARCH_PATHS = "$(inherited) @executable_path/Frameworks";
				PRODUCT_BUNDLE_IDENTIFIER = com.iosimple.HelloNavigationController;
				PRODUCT_NAME = "$(TARGET_NAME)";
				SWIFT_VERSION = 3.0;
			};
			name = Debug;
		};
		8DC291F41EA1A8060093CE20 /* Release */ = {
			isa = XCBuildConfiguration;
			buildSettings = {
				ASSETCATALOG_COMPILER_APPICON_NAME = AppIcon;
				INFOPLIST_FILE = HelloNavigationController/Info.plist;
				LD_RUNPATH_SEARCH_PATHS = "$(inherited) @executable_path/Frameworks";
				PRODUCT_BUNDLE_IDENTIFIER = com.iosimple.HelloNavigationController;
				PRODUCT_NAME = "$(TARGET_NAME)";
				SWIFT_VERSION = 3.0;
			};
			name = Release;
		};
/* End XCBuildConfiguration section */

/* Begin XCConfigurationList section */
		8DC291DB1EA1A8060093CE20 /* Build configuration list for PBXProject "HelloNavigationController" */ = {
			isa = XCConfigurationList;
			buildConfigurations = (
				8DC291F01EA1A8060093CE20 /* Debug */,
				8DC291F11EA1A8060093CE20 /* Release */,
			);
			defaultConfigurationIsVisible = 0;
			defaultConfigurationName = Release;
		};
		8DC291F21EA1A8060093CE20 /* Build configuration list for PBXNativeTarget "HelloNavigationController" */ = {
			isa = XCConfigurationList;
			buildConfigurations = (
				8DC291F31EA1A8060093CE20 /* Debug */,
				8DC291F41EA1A8060093CE20 /* Release */,
			);
			defaultConfigurationIsVisible = 0;
		};
/* End XCConfigurationList section */
	};
	rootObject = 8DC291D81EA1A8060093CE20 /* Project object */;
}
